
Microsoft Visual Studio Solution File, Format Version 12.00
# Visual Studio Version 16
VisualStudioVersion = 16.0.33328.57
MinimumVisualStudioVersion = 10.0.40219.1
Project("{FAE04EC0-301F-11D3-BF4B-00C04F79EFBC}") = "WcfService5", "WcfService5\WcfService5.csproj", "{8A4350F8-1A32-40EE-ACEF-86268D8D7952}"
EndProject
Global
	GlobalSection(SolutionConfigurationPlatforms) = preSolution
		Debug|Any CPU = Debug|Any CPU
		Release|Any CPU = Release|Any CPU
	EndGlobalSection
	GlobalSection(ProjectConfigurationPlatforms) = postSolution
		{8A4350F8-1A32-40EE-ACEF-86268D8D7952}.Debug|Any CPU.ActiveCfg = Debug|Any CPU
		{8A4350F8-1A32-40EE-ACEF-86268D8D7952}.Debug|Any CPU.Build.0 = Debug|Any CPU
		{8A4350F8-1A32-40EE-ACEF-86268D8D7952}.Release|Any CPU.ActiveCfg = Release|Any CPU
		{8A4350F8-1A32-40EE-ACEF-86268D8D7952}.Release|Any CPU.Build.0 = Release|Any CPU
	EndGlobalSection
	GlobalSection(SolutionProperties) = preSolution
		HideSolutionNode = FALSE
	EndGlobalSection
	GlobalSection(ExtensibilityGlobals) = postSolution
		SolutionGuid = {D6011BB0-8160-49A1-B2FD-18F5590737EB}
	EndGlobalSection
EndGlobal
