
Microsoft Visual Studio Solution File, Format Version 12.00
# Visual Studio Version 16
VisualStudioVersion = 16.0.33328.57
MinimumVisualStudioVersion = 10.0.40219.1
Project("{FAE04EC0-301F-11D3-BF4B-00C04F79EFBC}") = "FirstLab", "FirstLab\FirstLab.csproj", "{642B5630-6344-4B13-A943-F377B82FCC50}"
EndProject
Global
	GlobalSection(SolutionConfigurationPlatforms) = preSolution
		Debug|Any CPU = Debug|Any CPU
		Release|Any CPU = Release|Any CPU
	EndGlobalSection
	GlobalSection(ProjectConfigurationPlatforms) = postSolution
		{642B5630-6344-4B13-A943-F377B82FCC50}.Debug|Any CPU.ActiveCfg = Debug|Any CPU
		{642B5630-6344-4B13-A943-F377B82FCC50}.Debug|Any CPU.Build.0 = Debug|Any CPU
		{642B5630-6344-4B13-A943-F377B82FCC50}.Release|Any CPU.ActiveCfg = Release|Any CPU
		{642B5630-6344-4B13-A943-F377B82FCC50}.Release|Any CPU.Build.0 = Release|Any CPU
	EndGlobalSection
	GlobalSection(SolutionProperties) = preSolution
		HideSolutionNode = FALSE
	EndGlobalSection
	GlobalSection(ExtensibilityGlobals) = postSolution
		SolutionGuid = {8FA5CA8C-5713-4DCB-9881-312228AD6466}
	EndGlobalSection
EndGlobal
