
Microsoft Visual Studio Solution File, Format Version 12.00
# Visual Studio Version 16
VisualStudioVersion = 16.0.33328.57
MinimumVisualStudioVersion = 10.0.40219.1
Project("{FAE04EC0-301F-11D3-BF4B-00C04F79EFBC}") = "WebApplication", "WebApplication\WebApplication.csproj", "{1969F5C7-6692-416F-9335-8DC5A6DF3B67}"
EndProject
Global
	GlobalSection(SolutionConfigurationPlatforms) = preSolution
		Debug|Any CPU = Debug|Any CPU
		Release|Any CPU = Release|Any CPU
	EndGlobalSection
	GlobalSection(ProjectConfigurationPlatforms) = postSolution
		{1969F5C7-6692-416F-9335-8DC5A6DF3B67}.Debug|Any CPU.ActiveCfg = Debug|Any CPU
		{1969F5C7-6692-416F-9335-8DC5A6DF3B67}.Debug|Any CPU.Build.0 = Debug|Any CPU
		{1969F5C7-6692-416F-9335-8DC5A6DF3B67}.Release|Any CPU.ActiveCfg = Release|Any CPU
		{1969F5C7-6692-416F-9335-8DC5A6DF3B67}.Release|Any CPU.Build.0 = Release|Any CPU
	EndGlobalSection
	GlobalSection(SolutionProperties) = preSolution
		HideSolutionNode = FALSE
	EndGlobalSection
	GlobalSection(ExtensibilityGlobals) = postSolution
		SolutionGuid = {229BA783-9012-4A94-BE1D-6F3784671788}
	EndGlobalSection
EndGlobal
