
Microsoft Visual Studio Solution File, Format Version 12.00
# Visual Studio Version 16
VisualStudioVersion = 16.0.33328.57
MinimumVisualStudioVersion = 10.0.40219.1
Project("{FAE04EC0-301F-11D3-BF4B-00C04F79EFBC}") = "ConsoleApp2", "ConsoleApp2\ConsoleApp2.csproj", "{56B93D50-2E8D-4B17-9A1B-663CD30B586E}"
EndProject
Global
	GlobalSection(SolutionConfigurationPlatforms) = preSolution
		Debug|Any CPU = Debug|Any CPU
		Release|Any CPU = Release|Any CPU
	EndGlobalSection
	GlobalSection(ProjectConfigurationPlatforms) = postSolution
		{56B93D50-2E8D-4B17-9A1B-663CD30B586E}.Debug|Any CPU.ActiveCfg = Debug|Any CPU
		{56B93D50-2E8D-4B17-9A1B-663CD30B586E}.Debug|Any CPU.Build.0 = Debug|Any CPU
		{56B93D50-2E8D-4B17-9A1B-663CD30B586E}.Release|Any CPU.ActiveCfg = Release|Any CPU
		{56B93D50-2E8D-4B17-9A1B-663CD30B586E}.Release|Any CPU.Build.0 = Release|Any CPU
	EndGlobalSection
	GlobalSection(SolutionProperties) = preSolution
		HideSolutionNode = FALSE
	EndGlobalSection
	GlobalSection(ExtensibilityGlobals) = postSolution
		SolutionGuid = {2D557A08-6254-4686-8BAC-29A61C3CC3D7}
	EndGlobalSection
EndGlobal
