
Microsoft Visual Studio Solution File, Format Version 12.00
# Visual Studio Version 16
VisualStudioVersion = 16.0.33328.57
MinimumVisualStudioVersion = 10.0.40219.1
Project("{FAE04EC0-301F-11D3-BF4B-00C04F79EFBC}") = "fourthLabProxyWinForm", "fourthLabProxyWinForm\fourthLabProxyWinForm.csproj", "{C3E76D66-52EF-4EFD-99CD-AD1C2B0CE06A}"
EndProject
Global
	GlobalSection(SolutionConfigurationPlatforms) = preSolution
		Debug|Any CPU = Debug|Any CPU
		Release|Any CPU = Release|Any CPU
	EndGlobalSection
	GlobalSection(ProjectConfigurationPlatforms) = postSolution
		{C3E76D66-52EF-4EFD-99CD-AD1C2B0CE06A}.Debug|Any CPU.ActiveCfg = Debug|Any CPU
		{C3E76D66-52EF-4EFD-99CD-AD1C2B0CE06A}.Debug|Any CPU.Build.0 = Debug|Any CPU
		{C3E76D66-52EF-4EFD-99CD-AD1C2B0CE06A}.Release|Any CPU.ActiveCfg = Release|Any CPU
		{C3E76D66-52EF-4EFD-99CD-AD1C2B0CE06A}.Release|Any CPU.Build.0 = Release|Any CPU
	EndGlobalSection
	GlobalSection(SolutionProperties) = preSolution
		HideSolutionNode = FALSE
	EndGlobalSection
	GlobalSection(ExtensibilityGlobals) = postSolution
		SolutionGuid = {C6D2E027-D6DC-4059-B50A-5E221EC5FB70}
	EndGlobalSection
EndGlobal
