
Microsoft Visual Studio Solution File, Format Version 12.00
# Visual Studio Version 16
VisualStudioVersion = 16.0.33328.57
MinimumVisualStudioVersion = 10.0.40219.1
Project("{FAE04EC0-301F-11D3-BF4B-00C04F79EFBC}") = "AjaxRequest", "AjaxRequest\AjaxRequest.csproj", "{B2C28C29-0BD4-403E-B0BF-1B1C3A3ACF83}"
EndProject
Global
	GlobalSection(SolutionConfigurationPlatforms) = preSolution
		Debug|Any CPU = Debug|Any CPU
		Release|Any CPU = Release|Any CPU
	EndGlobalSection
	GlobalSection(ProjectConfigurationPlatforms) = postSolution
		{B2C28C29-0BD4-403E-B0BF-1B1C3A3ACF83}.Debug|Any CPU.ActiveCfg = Debug|Any CPU
		{B2C28C29-0BD4-403E-B0BF-1B1C3A3ACF83}.Debug|Any CPU.Build.0 = Debug|Any CPU
		{B2C28C29-0BD4-403E-B0BF-1B1C3A3ACF83}.Release|Any CPU.ActiveCfg = Release|Any CPU
		{B2C28C29-0BD4-403E-B0BF-1B1C3A3ACF83}.Release|Any CPU.Build.0 = Release|Any CPU
	EndGlobalSection
	GlobalSection(SolutionProperties) = preSolution
		HideSolutionNode = FALSE
	EndGlobalSection
	GlobalSection(ExtensibilityGlobals) = postSolution
		SolutionGuid = {D97C9891-CF54-414A-9830-B2755724B58C}
	EndGlobalSection
EndGlobal
